
Microsoft Visual Studio Solution File, Format Version 12.00
# Visual Studio Version 17
VisualStudioVersion = 17.2.32408.312
MinimumVisualStudioVersion = 10.0.40219.1
Project("{FAE04EC0-301F-11D3-BF4B-00C04F79EFBC}") = "ConsoleAppCore31", "ConsoleAppCore31\ConsoleAppCore31.csproj", "{9C9C6278-0179-4F6A-8BD3-6C08691F627D}"
EndProject
Project("{FAE04EC0-301F-11D3-BF4B-00C04F79EFBC}") = "ClassLibraryMultiTarget", "ClassLibraryMultiTarget\ClassLibraryMultiTarget.csproj", "{1915156F-6751-4DE9-AFB0-B0E3A2D0BA73}"
EndProject
Global
	GlobalSection(SolutionConfigurationPlatforms) = preSolution
		Debug|Any CPU = Debug|Any CPU
		Release|Any CPU = Release|Any CPU
	EndGlobalSection
	GlobalSection(ProjectConfigurationPlatforms) = postSolution
		{9C9C6278-0179-4F6A-8BD3-6C08691F627D}.Debug|Any CPU.ActiveCfg = Debug|Any CPU
		{9C9C6278-0179-4F6A-8BD3-6C08691F627D}.Debug|Any CPU.Build.0 = Debug|Any CPU
		{9C9C6278-0179-4F6A-8BD3-6C08691F627D}.Release|Any CPU.ActiveCfg = Release|Any CPU
		{9C9C6278-0179-4F6A-8BD3-6C08691F627D}.Release|Any CPU.Build.0 = Release|Any CPU
		{1915156F-6751-4DE9-AFB0-B0E3A2D0BA73}.Debug|Any CPU.ActiveCfg = Debug|Any CPU
		{1915156F-6751-4DE9-AFB0-B0E3A2D0BA73}.Debug|Any CPU.Build.0 = Debug|Any CPU
		{1915156F-6751-4DE9-AFB0-B0E3A2D0BA73}.Release|Any CPU.ActiveCfg = Release|Any CPU
		{1915156F-6751-4DE9-AFB0-B0E3A2D0BA73}.Release|Any CPU.Build.0 = Release|Any CPU
	EndGlobalSection
	GlobalSection(SolutionProperties) = preSolution
		HideSolutionNode = FALSE
	EndGlobalSection
	GlobalSection(ExtensibilityGlobals) = postSolution
		SolutionGuid = {A05F99DA-035D-4D5F-A90A-A3B91E03DD1F}
	EndGlobalSection
EndGlobal
